
Microsoft Visual Studio Solution File, Format Version 12.00
# Visual Studio Version 16
VisualStudioVersion = 16.0.31515.178
MinimumVisualStudioVersion = 10.0.40219.1
Project("{2150E333-8FDC-42A3-9474-1A3956D46DE8}") = "Microservices", "Microservices", "{9D142239-5EFA-4692-9662-410D817E207A}"
EndProject
Project("{2150E333-8FDC-42A3-9474-1A3956D46DE8}") = "Customer", "Customer", "{55B25579-92F8-4D9D-929E-48D42EE100A5}"
EndProject
Project("{2150E333-8FDC-42A3-9474-1A3956D46DE8}") = "Order", "Order", "{A41D72FF-0134-482D-B786-78D74A127192}"
EndProject
Project("{9A19103F-16F7-4668-BE54-9A1E7A4F7556}") = "Microservice.Customer", "Microservice.Customer\Microservice.Customer.csproj", "{961DA711-54BC-40C5-ADFC-CDBEAD0124B5}"
EndProject
Project("{9A19103F-16F7-4668-BE54-9A1E7A4F7556}") = "Microservice.Order", "Microservice.Order\Microservice.Order.csproj", "{7082BEE9-977F-42F6-8910-9EAD377C3B22}"
EndProject
Project("{9A19103F-16F7-4668-BE54-9A1E7A4F7556}") = "Tesodev.Core", "Tesodev.Core\Tesodev.Core.csproj", "{29628A57-9AF6-4507-9458-B81A04E6E27C}"
EndProject
Project("{9A19103F-16F7-4668-BE54-9A1E7A4F7556}") = "Tesodev.ApiGateway", "Tesodev.ApiGateway\Tesodev.ApiGateway.csproj", "{1D824519-5C47-406B-8F6B-0DF2B785D540}"
EndProject
Project("{9A19103F-16F7-4668-BE54-9A1E7A4F7556}") = "Microservice.Customer.DataAccess", "Microservice.Customer.DataAccess\Microservice.Customer.DataAccess.csproj", "{CAC5E69E-1676-4BE9-92F4-8046A97961BD}"
EndProject
Project("{9A19103F-16F7-4668-BE54-9A1E7A4F7556}") = "Microservice.Customer.Entities", "Microservice.Customer.Entities\Microservice.Customer.Entities.csproj", "{91BE113E-4593-43FA-940C-0A57E5677480}"
EndProject
Project("{9A19103F-16F7-4668-BE54-9A1E7A4F7556}") = "Microservice.Customer.CQRS", "Microservice.Customer.CQRS\Microservice.Customer.CQRS.csproj", "{F3AECA78-0F77-475A-9A81-0C0931C7ECC2}"
EndProject
Project("{9A19103F-16F7-4668-BE54-9A1E7A4F7556}") = "Microservice.Order.DataAccess", "Microservice.Order.DataAccess\Microservice.Order.DataAccess.csproj", "{D7CB1606-8CE5-4E46-9C5C-CD9C8C370C11}"
EndProject
Project("{9A19103F-16F7-4668-BE54-9A1E7A4F7556}") = "Microservice.Order.Entities", "Microservice.Order.Entities\Microservice.Order.Entities.csproj", "{69C09BB5-2CAF-401F-A0D1-FF0BF8F30CCA}"
EndProject
Project("{9A19103F-16F7-4668-BE54-9A1E7A4F7556}") = "Microservice.Order.Business", "Microservice.Order.Business\Microservice.Order.Business.csproj", "{F580114D-AC24-4CA9-ABA4-785E02457327}"
EndProject
Project("{9A19103F-16F7-4668-BE54-9A1E7A4F7556}") = "Microservice.Customer.Business", "Microservice.Customer.Business\Microservice.Customer.Business.csproj", "{344E94F0-28F9-4E19-882F-82202B67504B}"
EndProject
Project("{2150E333-8FDC-42A3-9474-1A3956D46DE8}") = "Address", "Address", "{7575F8ED-24C1-487F-AF07-26AEEE07DCB9}"
EndProject
Project("{2150E333-8FDC-42A3-9474-1A3956D46DE8}") = "Product", "Product", "{B6158D49-513C-49F9-A281-6D6B7C52D124}"
EndProject
Project("{9A19103F-16F7-4668-BE54-9A1E7A4F7556}") = "Microservice.Address", "Microservice.Address\Microservice.Address.csproj", "{E195E525-6262-44E8-9556-D5677A51D60A}"
EndProject
Project("{9A19103F-16F7-4668-BE54-9A1E7A4F7556}") = "Microservice.Address.CQRS", "Microservice.Address.CQRS\Microservice.Address.CQRS.csproj", "{5BDCD009-0D7D-42F4-AFFC-1C3B14B48AB8}"
EndProject
Project("{9A19103F-16F7-4668-BE54-9A1E7A4F7556}") = "Microservice.Address.DataAccess", "Microservice.Address.DataAccess\Microservice.Address.DataAccess.csproj", "{8F8F54D2-3C50-46DE-A2C0-84690993F0A8}"
EndProject
Project("{9A19103F-16F7-4668-BE54-9A1E7A4F7556}") = "Microservice.Address.Entities", "Microservice.Address.Entities\Microservice.Address.Entities.csproj", "{3306B66A-C81F-4B1E-9BBA-655589B5BD9B}"
EndProject
Project("{9A19103F-16F7-4668-BE54-9A1E7A4F7556}") = "Microservice.Product", "Microservice.Product\Microservice.Product.csproj", "{4F22690F-D037-4328-908B-DAD81EFB99C3}"
EndProject
Project("{9A19103F-16F7-4668-BE54-9A1E7A4F7556}") = "Microservice.Product.Business", "Microservice.Product.Business\Microservice.Product.Business.csproj", "{1320B679-A962-40F3-98C6-14F0D2AC62BC}"
EndProject
Project("{9A19103F-16F7-4668-BE54-9A1E7A4F7556}") = "Microservice.Product.DataAccess", "Microservice.Product.DataAccess\Microservice.Product.DataAccess.csproj", "{02811D55-476B-4DBA-8CDD-D6E20ADF4360}"
EndProject
Project("{9A19103F-16F7-4668-BE54-9A1E7A4F7556}") = "Microservice.Product.CQRS", "Microservice.Product.CQRS\Microservice.Product.CQRS.csproj", "{D5877D5F-F286-4115-A1E4-2B5321A58B62}"
EndProject
Project("{9A19103F-16F7-4668-BE54-9A1E7A4F7556}") = "Microservice.Product.Entities", "Microservice.Product.Entities\Microservice.Product.Entities.csproj", "{B5A406F4-E009-446D-8241-6B3474A822F0}"
EndProject
Project("{9A19103F-16F7-4668-BE54-9A1E7A4F7556}") = "Microservice.Order.CQRS", "Microservice.Order.CQRS\Microservice.Order.CQRS.csproj", "{A2D6C608-4D41-49D0-AA4D-254C06BFB191}"
EndProject
Project("{9A19103F-16F7-4668-BE54-9A1E7A4F7556}") = "Microservice.Customer.CQRS.Tests", "Microservice.Customer.CQRS.Tests\Microservice.Customer.CQRS.Tests.csproj", "{1A28C7EF-5ECB-42D9-941E-63990F92584D}"
EndProject
Project("{9A19103F-16F7-4668-BE54-9A1E7A4F7556}") = "Microservice.Address.Business", "Microservice.Address.Business\Microservice.Address.Business.csproj", "{EE9D66D5-88B4-4EEC-84BF-61A317F8CD94}"
EndProject
Project("{9A19103F-16F7-4668-BE54-9A1E7A4F7556}") = "Microservice.Address.CQRS.Tests", "Microservice.Address.CQRS.Tests\Microservice.Address.CQRS.Tests.csproj", "{93EC6FC1-4869-4D1B-856F-35EFD7B1B629}"
EndProject
Project("{FAE04EC0-301F-11D3-BF4B-00C04F79EFBC}") = "Microservice.Product.CQRS.Tests", "Microservice.Product.CQRS.Tests\Microservice.Product.CQRS.Tests.csproj", "{6FFD0827-5EB2-4B71-8395-E56107824E03}"
EndProject
Project("{FAE04EC0-301F-11D3-BF4B-00C04F79EFBC}") = "Microservice.Order.CQRS.Tests", "Microservice.Order.CQRS.Tests\Microservice.Order.CQRS.Tests.csproj", "{CF656C44-AB58-4E00-82F0-9D73A4F0D605}"
EndProject
Global
	GlobalSection(SolutionConfigurationPlatforms) = preSolution
		Debug|Any CPU = Debug|Any CPU
		Release|Any CPU = Release|Any CPU
	EndGlobalSection
	GlobalSection(ProjectConfigurationPlatforms) = postSolution
		{961DA711-54BC-40C5-ADFC-CDBEAD0124B5}.Debug|Any CPU.ActiveCfg = Debug|Any CPU
		{961DA711-54BC-40C5-ADFC-CDBEAD0124B5}.Debug|Any CPU.Build.0 = Debug|Any CPU
		{961DA711-54BC-40C5-ADFC-CDBEAD0124B5}.Release|Any CPU.ActiveCfg = Release|Any CPU
		{961DA711-54BC-40C5-ADFC-CDBEAD0124B5}.Release|Any CPU.Build.0 = Release|Any CPU
		{7082BEE9-977F-42F6-8910-9EAD377C3B22}.Debug|Any CPU.ActiveCfg = Debug|Any CPU
		{7082BEE9-977F-42F6-8910-9EAD377C3B22}.Debug|Any CPU.Build.0 = Debug|Any CPU
		{7082BEE9-977F-42F6-8910-9EAD377C3B22}.Release|Any CPU.ActiveCfg = Release|Any CPU
		{7082BEE9-977F-42F6-8910-9EAD377C3B22}.Release|Any CPU.Build.0 = Release|Any CPU
		{29628A57-9AF6-4507-9458-B81A04E6E27C}.Debug|Any CPU.ActiveCfg = Debug|Any CPU
		{29628A57-9AF6-4507-9458-B81A04E6E27C}.Debug|Any CPU.Build.0 = Debug|Any CPU
		{29628A57-9AF6-4507-9458-B81A04E6E27C}.Release|Any CPU.ActiveCfg = Release|Any CPU
		{29628A57-9AF6-4507-9458-B81A04E6E27C}.Release|Any CPU.Build.0 = Release|Any CPU
		{1D824519-5C47-406B-8F6B-0DF2B785D540}.Debug|Any CPU.ActiveCfg = Debug|Any CPU
		{1D824519-5C47-406B-8F6B-0DF2B785D540}.Debug|Any CPU.Build.0 = Debug|Any CPU
		{1D824519-5C47-406B-8F6B-0DF2B785D540}.Release|Any CPU.ActiveCfg = Release|Any CPU
		{1D824519-5C47-406B-8F6B-0DF2B785D540}.Release|Any CPU.Build.0 = Release|Any CPU
		{CAC5E69E-1676-4BE9-92F4-8046A97961BD}.Debug|Any CPU.ActiveCfg = Debug|Any CPU
		{CAC5E69E-1676-4BE9-92F4-8046A97961BD}.Debug|Any CPU.Build.0 = Debug|Any CPU
		{CAC5E69E-1676-4BE9-92F4-8046A97961BD}.Release|Any CPU.ActiveCfg = Release|Any CPU
		{CAC5E69E-1676-4BE9-92F4-8046A97961BD}.Release|Any CPU.Build.0 = Release|Any CPU
		{91BE113E-4593-43FA-940C-0A57E5677480}.Debug|Any CPU.ActiveCfg = Debug|Any CPU
		{91BE113E-4593-43FA-940C-0A57E5677480}.Debug|Any CPU.Build.0 = Debug|Any CPU
		{91BE113E-4593-43FA-940C-0A57E5677480}.Release|Any CPU.ActiveCfg = Release|Any CPU
		{91BE113E-4593-43FA-940C-0A57E5677480}.Release|Any CPU.Build.0 = Release|Any CPU
		{F3AECA78-0F77-475A-9A81-0C0931C7ECC2}.Debug|Any CPU.ActiveCfg = Debug|Any CPU
		{F3AECA78-0F77-475A-9A81-0C0931C7ECC2}.Debug|Any CPU.Build.0 = Debug|Any CPU
		{F3AECA78-0F77-475A-9A81-0C0931C7ECC2}.Release|Any CPU.ActiveCfg = Release|Any CPU
		{F3AECA78-0F77-475A-9A81-0C0931C7ECC2}.Release|Any CPU.Build.0 = Release|Any CPU
		{D7CB1606-8CE5-4E46-9C5C-CD9C8C370C11}.Debug|Any CPU.ActiveCfg = Debug|Any CPU
		{D7CB1606-8CE5-4E46-9C5C-CD9C8C370C11}.Debug|Any CPU.Build.0 = Debug|Any CPU
		{D7CB1606-8CE5-4E46-9C5C-CD9C8C370C11}.Release|Any CPU.ActiveCfg = Release|Any CPU
		{D7CB1606-8CE5-4E46-9C5C-CD9C8C370C11}.Release|Any CPU.Build.0 = Release|Any CPU
		{69C09BB5-2CAF-401F-A0D1-FF0BF8F30CCA}.Debug|Any CPU.ActiveCfg = Debug|Any CPU
		{69C09BB5-2CAF-401F-A0D1-FF0BF8F30CCA}.Debug|Any CPU.Build.0 = Debug|Any CPU
		{69C09BB5-2CAF-401F-A0D1-FF0BF8F30CCA}.Release|Any CPU.ActiveCfg = Release|Any CPU
		{69C09BB5-2CAF-401F-A0D1-FF0BF8F30CCA}.Release|Any CPU.Build.0 = Release|Any CPU
		{F580114D-AC24-4CA9-ABA4-785E02457327}.Debug|Any CPU.ActiveCfg = Debug|Any CPU
		{F580114D-AC24-4CA9-ABA4-785E02457327}.Debug|Any CPU.Build.0 = Debug|Any CPU
		{F580114D-AC24-4CA9-ABA4-785E02457327}.Release|Any CPU.ActiveCfg = Release|Any CPU
		{F580114D-AC24-4CA9-ABA4-785E02457327}.Release|Any CPU.Build.0 = Release|Any CPU
		{344E94F0-28F9-4E19-882F-82202B67504B}.Debug|Any CPU.ActiveCfg = Debug|Any CPU
		{344E94F0-28F9-4E19-882F-82202B67504B}.Debug|Any CPU.Build.0 = Debug|Any CPU
		{344E94F0-28F9-4E19-882F-82202B67504B}.Release|Any CPU.ActiveCfg = Release|Any CPU
		{344E94F0-28F9-4E19-882F-82202B67504B}.Release|Any CPU.Build.0 = Release|Any CPU
		{E195E525-6262-44E8-9556-D5677A51D60A}.Debug|Any CPU.ActiveCfg = Debug|Any CPU
		{E195E525-6262-44E8-9556-D5677A51D60A}.Debug|Any CPU.Build.0 = Debug|Any CPU
		{E195E525-6262-44E8-9556-D5677A51D60A}.Release|Any CPU.ActiveCfg = Release|Any CPU
		{E195E525-6262-44E8-9556-D5677A51D60A}.Release|Any CPU.Build.0 = Release|Any CPU
		{5BDCD009-0D7D-42F4-AFFC-1C3B14B48AB8}.Debug|Any CPU.ActiveCfg = Debug|Any CPU
		{5BDCD009-0D7D-42F4-AFFC-1C3B14B48AB8}.Debug|Any CPU.Build.0 = Debug|Any CPU
		{5BDCD009-0D7D-42F4-AFFC-1C3B14B48AB8}.Release|Any CPU.ActiveCfg = Release|Any CPU
		{5BDCD009-0D7D-42F4-AFFC-1C3B14B48AB8}.Release|Any CPU.Build.0 = Release|Any CPU
		{8F8F54D2-3C50-46DE-A2C0-84690993F0A8}.Debug|Any CPU.ActiveCfg = Debug|Any CPU
		{8F8F54D2-3C50-46DE-A2C0-84690993F0A8}.Debug|Any CPU.Build.0 = Debug|Any CPU
		{8F8F54D2-3C50-46DE-A2C0-84690993F0A8}.Release|Any CPU.ActiveCfg = Release|Any CPU
		{8F8F54D2-3C50-46DE-A2C0-84690993F0A8}.Release|Any CPU.Build.0 = Release|Any CPU
		{3306B66A-C81F-4B1E-9BBA-655589B5BD9B}.Debug|Any CPU.ActiveCfg = Debug|Any CPU
		{3306B66A-C81F-4B1E-9BBA-655589B5BD9B}.Debug|Any CPU.Build.0 = Debug|Any CPU
		{3306B66A-C81F-4B1E-9BBA-655589B5BD9B}.Release|Any CPU.ActiveCfg = Release|Any CPU
		{3306B66A-C81F-4B1E-9BBA-655589B5BD9B}.Release|Any CPU.Build.0 = Release|Any CPU
		{4F22690F-D037-4328-908B-DAD81EFB99C3}.Debug|Any CPU.ActiveCfg = Debug|Any CPU
		{4F22690F-D037-4328-908B-DAD81EFB99C3}.Debug|Any CPU.Build.0 = Debug|Any CPU
		{4F22690F-D037-4328-908B-DAD81EFB99C3}.Release|Any CPU.ActiveCfg = Release|Any CPU
		{4F22690F-D037-4328-908B-DAD81EFB99C3}.Release|Any CPU.Build.0 = Release|Any CPU
		{1320B679-A962-40F3-98C6-14F0D2AC62BC}.Debug|Any CPU.ActiveCfg = Debug|Any CPU
		{1320B679-A962-40F3-98C6-14F0D2AC62BC}.Debug|Any CPU.Build.0 = Debug|Any CPU
		{1320B679-A962-40F3-98C6-14F0D2AC62BC}.Release|Any CPU.ActiveCfg = Release|Any CPU
		{1320B679-A962-40F3-98C6-14F0D2AC62BC}.Release|Any CPU.Build.0 = Release|Any CPU
		{02811D55-476B-4DBA-8CDD-D6E20ADF4360}.Debug|Any CPU.ActiveCfg = Debug|Any CPU
		{02811D55-476B-4DBA-8CDD-D6E20ADF4360}.Debug|Any CPU.Build.0 = Debug|Any CPU
		{02811D55-476B-4DBA-8CDD-D6E20ADF4360}.Release|Any CPU.ActiveCfg = Release|Any CPU
		{02811D55-476B-4DBA-8CDD-D6E20ADF4360}.Release|Any CPU.Build.0 = Release|Any CPU
		{D5877D5F-F286-4115-A1E4-2B5321A58B62}.Debug|Any CPU.ActiveCfg = Debug|Any CPU
		{D5877D5F-F286-4115-A1E4-2B5321A58B62}.Debug|Any CPU.Build.0 = Debug|Any CPU
		{D5877D5F-F286-4115-A1E4-2B5321A58B62}.Release|Any CPU.ActiveCfg = Release|Any CPU
		{D5877D5F-F286-4115-A1E4-2B5321A58B62}.Release|Any CPU.Build.0 = Release|Any CPU
		{B5A406F4-E009-446D-8241-6B3474A822F0}.Debug|Any CPU.ActiveCfg = Debug|Any CPU
		{B5A406F4-E009-446D-8241-6B3474A822F0}.Debug|Any CPU.Build.0 = Debug|Any CPU
		{B5A406F4-E009-446D-8241-6B3474A822F0}.Release|Any CPU.ActiveCfg = Release|Any CPU
		{B5A406F4-E009-446D-8241-6B3474A822F0}.Release|Any CPU.Build.0 = Release|Any CPU
		{A2D6C608-4D41-49D0-AA4D-254C06BFB191}.Debug|Any CPU.ActiveCfg = Debug|Any CPU
		{A2D6C608-4D41-49D0-AA4D-254C06BFB191}.Debug|Any CPU.Build.0 = Debug|Any CPU
		{A2D6C608-4D41-49D0-AA4D-254C06BFB191}.Release|Any CPU.ActiveCfg = Release|Any CPU
		{A2D6C608-4D41-49D0-AA4D-254C06BFB191}.Release|Any CPU.Build.0 = Release|Any CPU
		{1A28C7EF-5ECB-42D9-941E-63990F92584D}.Debug|Any CPU.ActiveCfg = Debug|Any CPU
		{1A28C7EF-5ECB-42D9-941E-63990F92584D}.Debug|Any CPU.Build.0 = Debug|Any CPU
		{1A28C7EF-5ECB-42D9-941E-63990F92584D}.Release|Any CPU.ActiveCfg = Release|Any CPU
		{1A28C7EF-5ECB-42D9-941E-63990F92584D}.Release|Any CPU.Build.0 = Release|Any CPU
		{EE9D66D5-88B4-4EEC-84BF-61A317F8CD94}.Debug|Any CPU.ActiveCfg = Debug|Any CPU
		{EE9D66D5-88B4-4EEC-84BF-61A317F8CD94}.Debug|Any CPU.Build.0 = Debug|Any CPU
		{EE9D66D5-88B4-4EEC-84BF-61A317F8CD94}.Release|Any CPU.ActiveCfg = Release|Any CPU
		{EE9D66D5-88B4-4EEC-84BF-61A317F8CD94}.Release|Any CPU.Build.0 = Release|Any CPU
		{93EC6FC1-4869-4D1B-856F-35EFD7B1B629}.Debug|Any CPU.ActiveCfg = Debug|Any CPU
		{93EC6FC1-4869-4D1B-856F-35EFD7B1B629}.Debug|Any CPU.Build.0 = Debug|Any CPU
		{93EC6FC1-4869-4D1B-856F-35EFD7B1B629}.Release|Any CPU.ActiveCfg = Release|Any CPU
		{93EC6FC1-4869-4D1B-856F-35EFD7B1B629}.Release|Any CPU.Build.0 = Release|Any CPU
		{6FFD0827-5EB2-4B71-8395-E56107824E03}.Debug|Any CPU.ActiveCfg = Debug|Any CPU
		{6FFD0827-5EB2-4B71-8395-E56107824E03}.Debug|Any CPU.Build.0 = Debug|Any CPU
		{6FFD0827-5EB2-4B71-8395-E56107824E03}.Release|Any CPU.ActiveCfg = Release|Any CPU
		{6FFD0827-5EB2-4B71-8395-E56107824E03}.Release|Any CPU.Build.0 = Release|Any CPU
		{CF656C44-AB58-4E00-82F0-9D73A4F0D605}.Debug|Any CPU.ActiveCfg = Debug|Any CPU
		{CF656C44-AB58-4E00-82F0-9D73A4F0D605}.Debug|Any CPU.Build.0 = Debug|Any CPU
		{CF656C44-AB58-4E00-82F0-9D73A4F0D605}.Release|Any CPU.ActiveCfg = Release|Any CPU
		{CF656C44-AB58-4E00-82F0-9D73A4F0D605}.Release|Any CPU.Build.0 = Release|Any CPU
	EndGlobalSection
	GlobalSection(SolutionProperties) = preSolution
		HideSolutionNode = FALSE
	EndGlobalSection
	GlobalSection(NestedProjects) = preSolution
		{55B25579-92F8-4D9D-929E-48D42EE100A5} = {9D142239-5EFA-4692-9662-410D817E207A}
		{A41D72FF-0134-482D-B786-78D74A127192} = {9D142239-5EFA-4692-9662-410D817E207A}
		{961DA711-54BC-40C5-ADFC-CDBEAD0124B5} = {55B25579-92F8-4D9D-929E-48D42EE100A5}
		{7082BEE9-977F-42F6-8910-9EAD377C3B22} = {A41D72FF-0134-482D-B786-78D74A127192}
		{CAC5E69E-1676-4BE9-92F4-8046A97961BD} = {55B25579-92F8-4D9D-929E-48D42EE100A5}
		{91BE113E-4593-43FA-940C-0A57E5677480} = {55B25579-92F8-4D9D-929E-48D42EE100A5}
		{F3AECA78-0F77-475A-9A81-0C0931C7ECC2} = {55B25579-92F8-4D9D-929E-48D42EE100A5}
		{D7CB1606-8CE5-4E46-9C5C-CD9C8C370C11} = {A41D72FF-0134-482D-B786-78D74A127192}
		{69C09BB5-2CAF-401F-A0D1-FF0BF8F30CCA} = {A41D72FF-0134-482D-B786-78D74A127192}
		{F580114D-AC24-4CA9-ABA4-785E02457327} = {A41D72FF-0134-482D-B786-78D74A127192}
		{344E94F0-28F9-4E19-882F-82202B67504B} = {55B25579-92F8-4D9D-929E-48D42EE100A5}
		{7575F8ED-24C1-487F-AF07-26AEEE07DCB9} = {9D142239-5EFA-4692-9662-410D817E207A}
		{B6158D49-513C-49F9-A281-6D6B7C52D124} = {9D142239-5EFA-4692-9662-410D817E207A}
		{E195E525-6262-44E8-9556-D5677A51D60A} = {7575F8ED-24C1-487F-AF07-26AEEE07DCB9}
		{5BDCD009-0D7D-42F4-AFFC-1C3B14B48AB8} = {7575F8ED-24C1-487F-AF07-26AEEE07DCB9}
		{8F8F54D2-3C50-46DE-A2C0-84690993F0A8} = {7575F8ED-24C1-487F-AF07-26AEEE07DCB9}
		{3306B66A-C81F-4B1E-9BBA-655589B5BD9B} = {7575F8ED-24C1-487F-AF07-26AEEE07DCB9}
		{4F22690F-D037-4328-908B-DAD81EFB99C3} = {B6158D49-513C-49F9-A281-6D6B7C52D124}
		{1320B679-A962-40F3-98C6-14F0D2AC62BC} = {B6158D49-513C-49F9-A281-6D6B7C52D124}
		{02811D55-476B-4DBA-8CDD-D6E20ADF4360} = {B6158D49-513C-49F9-A281-6D6B7C52D124}
		{D5877D5F-F286-4115-A1E4-2B5321A58B62} = {B6158D49-513C-49F9-A281-6D6B7C52D124}
		{B5A406F4-E009-446D-8241-6B3474A822F0} = {B6158D49-513C-49F9-A281-6D6B7C52D124}
		{A2D6C608-4D41-49D0-AA4D-254C06BFB191} = {A41D72FF-0134-482D-B786-78D74A127192}
		{1A28C7EF-5ECB-42D9-941E-63990F92584D} = {55B25579-92F8-4D9D-929E-48D42EE100A5}
		{EE9D66D5-88B4-4EEC-84BF-61A317F8CD94} = {7575F8ED-24C1-487F-AF07-26AEEE07DCB9}
		{93EC6FC1-4869-4D1B-856F-35EFD7B1B629} = {7575F8ED-24C1-487F-AF07-26AEEE07DCB9}
		{6FFD0827-5EB2-4B71-8395-E56107824E03} = {B6158D49-513C-49F9-A281-6D6B7C52D124}
		{CF656C44-AB58-4E00-82F0-9D73A4F0D605} = {A41D72FF-0134-482D-B786-78D74A127192}
	EndGlobalSection
	GlobalSection(ExtensibilityGlobals) = postSolution
		SolutionGuid = {166C5E44-1D23-4861-87AB-45EB2385E574}
	EndGlobalSection
EndGlobal
